// !$*UTF8*$!
{
	archiveVersion = 1;
	classes = {
	};
	objectVersion = 50;
	objects = {

/* Begin PBXBuildFile section */
		7319076E24251E1400C4D045 /* PropertyListItem.swift in Sources */ = {isa = PBXBuildFile; fileRef = 7319076D24251E1400C4D045 /* PropertyListItem.swift */; };
		7331B8A5242511F900DDE7E4 /* AppDelegate.swift in Sources */ = {isa = PBXBuildFile; fileRef = 7331B8A4242511F900DDE7E4 /* AppDelegate.swift */; };
		7331B8A7242511F900DDE7E4 /* SceneDelegate.swift in Sources */ = {isa = PBXBuildFile; fileRef = 7331B8A6242511F900DDE7E4 /* SceneDelegate.swift */; };
		7331B8A9242511F900DDE7E4 /* ViewController.swift in Sources */ = {isa = PBXBuildFile; fileRef = 7331B8A8242511F900DDE7E4 /* ViewController.swift */; };
		7331B8AC242511F900DDE7E4 /* Main.storyboard in Resources */ = {isa = PBXBuildFile; fileRef = 7331B8AA242511F900DDE7E4 /* Main.storyboard */; };
		7331B8AE242511FC00DDE7E4 /* Assets.xcassets in Resources */ = {isa = PBXBuildFile; fileRef = 7331B8AD242511FC00DDE7E4 /* Assets.xcassets */; };
		7331B8B1242511FC00DDE7E4 /* LaunchScreen.storyboard in Resources */ = {isa = PBXBuildFile; fileRef = 7331B8AF242511FC00DDE7E4 /* LaunchScreen.storyboard */; };
		7331B8C224251A1B00DDE7E4 /* PropertyListScreenViewController.swift in Sources */ = {isa = PBXBuildFile; fileRef = 7331B8C124251A1B00DDE7E4 /* PropertyListScreenViewController.swift */; };
		7331B8C624251B9600DDE7E4 /* PropertyListTableViewCell.swift in Sources */ = {isa = PBXBuildFile; fileRef = 7331B8C524251B9600DDE7E4 /* PropertyListTableViewCell.swift */; };
		737AF16F2428F9AD00E8A9C9 /* PropertyDetailsScreenViewController.swift in Sources */ = {isa = PBXBuildFile; fileRef = 737AF16E2428F9AD00E8A9C9 /* PropertyDetailsScreenViewController.swift */; };
		737AF1732429085A00E8A9C9 /* PropertyDetailsData.swift in Sources */ = {isa = PBXBuildFile; fileRef = 737AF1722429085A00E8A9C9 /* PropertyDetailsData.swift */; };
		737AF17524290EC300E8A9C9 /* PropertyDetailsRepository.swift in Sources */ = {isa = PBXBuildFile; fileRef = 737AF17424290EC300E8A9C9 /* PropertyDetailsRepository.swift */; };
		737AF17724290F5100E8A9C9 /* PropertyDetailsItem.swift in Sources */ = {isa = PBXBuildFile; fileRef = 737AF17624290F5100E8A9C9 /* PropertyDetailsItem.swift */; };
		7395500C24267F410082B41E /* PropertyListRepository.swift in Sources */ = {isa = PBXBuildFile; fileRef = 7395500B24267F410082B41E /* PropertyListRepository.swift */; };
		7395500E242683DE0082B41E /* PropertyListData.swift in Sources */ = {isa = PBXBuildFile; fileRef = 7395500D242683DE0082B41E /* PropertyListData.swift */; };
/* End PBXBuildFile section */

/* Begin PBXFileReference section */
		7319076D24251E1400C4D045 /* PropertyListItem.swift */ = {isa = PBXFileReference; lastKnownFileType = sourcecode.swift; path = PropertyListItem.swift; sourceTree = "<group>"; };
		7331B8A1242511F900DDE7E4 /* hostelworldTechTest.app */ = {isa = PBXFileReference; explicitFileType = wrapper.application; includeInIndex = 0; path = hostelworldTechTest.app; sourceTree = BUILT_PRODUCTS_DIR; };
		7331B8A4242511F900DDE7E4 /* AppDelegate.swift */ = {isa = PBXFileReference; lastKnownFileType = sourcecode.swift; path = AppDelegate.swift; sourceTree = "<group>"; };
		7331B8A6242511F900DDE7E4 /* SceneDelegate.swift */ = {isa = PBXFileReference; lastKnownFileType = sourcecode.swift; path = SceneDelegate.swift; sourceTree = "<group>"; };
		7331B8A8242511F900DDE7E4 /* ViewController.swift */ = {isa = PBXFileReference; lastKnownFileType = sourcecode.swift; path = ViewController.swift; sourceTree = "<group>"; };
		7331B8AB242511F900DDE7E4 /* Base */ = {isa = PBXFileReference; lastKnownFileType = file.storyboard; name = Base; path = Base.lproj/Main.storyboard; sourceTree = "<group>"; };
		7331B8AD242511FC00DDE7E4 /* Assets.xcassets */ = {isa = PBXFileReference; lastKnownFileType = folder.assetcatalog; path = Assets.xcassets; sourceTree = "<group>"; };
		7331B8B0242511FC00DDE7E4 /* Base */ = {isa = PBXFileReference; lastKnownFileType = file.storyboard; name = Base; path = Base.lproj/LaunchScreen.storyboard; sourceTree = "<group>"; };
		7331B8B2242511FC00DDE7E4 /* Info.plist */ = {isa = PBXFileReference; lastKnownFileType = text.plist.xml; path = Info.plist; sourceTree = "<group>"; };
		7331B8C124251A1B00DDE7E4 /* PropertyListScreenViewController.swift */ = {isa = PBXFileReference; lastKnownFileType = sourcecode.swift; path = PropertyListScreenViewController.swift; sourceTree = "<group>"; };
		7331B8C524251B9600DDE7E4 /* PropertyListTableViewCell.swift */ = {isa = PBXFileReference; lastKnownFileType = sourcecode.swift; path = PropertyListTableViewCell.swift; sourceTree = "<group>"; };
		737AF16E2428F9AD00E8A9C9 /* PropertyDetailsScreenViewController.swift */ = {isa = PBXFileReference; lastKnownFileType = sourcecode.swift; path = PropertyDetailsScreenViewController.swift; sourceTree = "<group>"; };
		737AF1722429085A00E8A9C9 /* PropertyDetailsData.swift */ = {isa = PBXFileReference; lastKnownFileType = sourcecode.swift; path = PropertyDetailsData.swift; sourceTree = "<group>"; };
		737AF17424290EC300E8A9C9 /* PropertyDetailsRepository.swift */ = {isa = PBXFileReference; lastKnownFileType = sourcecode.swift; path = PropertyDetailsRepository.swift; sourceTree = "<group>"; };
		737AF17624290F5100E8A9C9 /* PropertyDetailsItem.swift */ = {isa = PBXFileReference; lastKnownFileType = sourcecode.swift; path = PropertyDetailsItem.swift; sourceTree = "<group>"; };
		7395500B24267F410082B41E /* PropertyListRepository.swift */ = {isa = PBXFileReference; lastKnownFileType = sourcecode.swift; path = PropertyListRepository.swift; sourceTree = "<group>"; };
		7395500D242683DE0082B41E /* PropertyListData.swift */ = {isa = PBXFileReference; lastKnownFileType = sourcecode.swift; path = PropertyListData.swift; sourceTree = "<group>"; };
/* End PBXFileReference section */

/* Begin PBXFrameworksBuildPhase section */
		7331B89E242511F900DDE7E4 /* Frameworks */ = {
			isa = PBXFrameworksBuildPhase;
			buildActionMask = 2147483647;
			files = (
			);
			runOnlyForDeploymentPostprocessing = 0;
		};
/* End PBXFrameworksBuildPhase section */

/* Begin PBXGroup section */
		7331B898242511F900DDE7E4 = {
			isa = PBXGroup;
			children = (
				7331B8A3242511F900DDE7E4 /* hostelworldTechTest */,
				7331B8A2242511F900DDE7E4 /* Products */,
				BE0741816E0E4924B4DABD39 /* Pods */,
			);
			sourceTree = "<group>";
		};
		7331B8A2242511F900DDE7E4 /* Products */ = {
			isa = PBXGroup;
			children = (
				7331B8A1242511F900DDE7E4 /* hostelworldTechTest.app */,
			);
			name = Products;
			sourceTree = "<group>";
		};
		7331B8A3242511F900DDE7E4 /* hostelworldTechTest */ = {
			isa = PBXGroup;
			children = (
				73EBC37F2427872200EAAF7D /* Helper */,
				7331B8BC2425126200DDE7E4 /* Other */,
				7331B8BB2425124D00DDE7E4 /* Controllers */,
				7331B8BA2425122F00DDE7E4 /* Model */,
				7331B8B92425122700DDE7E4 /* View */,
				7331B8AA242511F900DDE7E4 /* Main.storyboard */,
				7331B8B2242511FC00DDE7E4 /* Info.plist */,
				7331B8B82425120C00DDE7E4 /* Repositories */,
			);
			path = hostelworldTechTest;
			sourceTree = "<group>";
		};
		7331B8B82425120C00DDE7E4 /* Repositories */ = {
			isa = PBXGroup;
			children = (
				7395500B24267F410082B41E /* PropertyListRepository.swift */,
				737AF17424290EC300E8A9C9 /* PropertyDetailsRepository.swift */,
			);
			path = Repositories;
			sourceTree = "<group>";
		};
		7331B8B92425122700DDE7E4 /* View */ = {
			isa = PBXGroup;
			children = (
				7331B8C524251B9600DDE7E4 /* PropertyListTableViewCell.swift */,
			);
			path = View;
			sourceTree = "<group>";
		};
		7331B8BA2425122F00DDE7E4 /* Model */ = {
			isa = PBXGroup;
			children = (
				7319076D24251E1400C4D045 /* PropertyListItem.swift */,
				737AF17624290F5100E8A9C9 /* PropertyDetailsItem.swift */,
				7395500D242683DE0082B41E /* PropertyListData.swift */,
				737AF1722429085A00E8A9C9 /* PropertyDetailsData.swift */,
			);
			path = Model;
			sourceTree = "<group>";
		};
		7331B8BB2425124D00DDE7E4 /* Controllers */ = {
			isa = PBXGroup;
			children = (
				7331B8C124251A1B00DDE7E4 /* PropertyListScreenViewController.swift */,
				737AF16E2428F9AD00E8A9C9 /* PropertyDetailsScreenViewController.swift */,
			);
			path = Controllers;
			sourceTree = "<group>";
		};
		7331B8BC2425126200DDE7E4 /* Other */ = {
			isa = PBXGroup;
			children = (
				7331B8A4242511F900DDE7E4 /* AppDelegate.swift */,
				7331B8A6242511F900DDE7E4 /* SceneDelegate.swift */,
				7331B8A8242511F900DDE7E4 /* ViewController.swift */,
				7331B8AD242511FC00DDE7E4 /* Assets.xcassets */,
				7331B8AF242511FC00DDE7E4 /* LaunchScreen.storyboard */,
			);
			path = Other;
			sourceTree = "<group>";
		};
		73EBC37F2427872200EAAF7D /* Helper */ = {
			isa = PBXGroup;
			children = (
			);
			path = Helper;
			sourceTree = "<group>";
		};
		BE0741816E0E4924B4DABD39 /* Pods */ = {
			isa = PBXGroup;
			children = (
			);
			path = Pods;
			sourceTree = "<group>";
		};
/* End PBXGroup section */

/* Begin PBXNativeTarget section */
		7331B8A0242511F900DDE7E4 /* hostelworldTechTest */ = {
			isa = PBXNativeTarget;
			buildConfigurationList = 7331B8B5242511FC00DDE7E4 /* Build configuration list for PBXNativeTarget "hostelworldTechTest" */;
			buildPhases = (
				7331B89D242511F900DDE7E4 /* Sources */,
				7331B89E242511F900DDE7E4 /* Frameworks */,
				7331B89F242511F900DDE7E4 /* Resources */,
			);
			buildRules = (
			);
			dependencies = (
			);
			name = hostelworldTechTest;
			productName = hostelworldTechTest;
			productReference = 7331B8A1242511F900DDE7E4 /* hostelworldTechTest.app */;
			productType = "com.apple.product-type.application";
		};
/* End PBXNativeTarget section */

/* Begin PBXProject section */
		7331B899242511F900DDE7E4 /* Project object */ = {
			isa = PBXProject;
			attributes = {
				LastSwiftUpdateCheck = 1130;
				LastUpgradeCheck = 1130;
				ORGANIZATIONNAME = "Aidan Egan";
				TargetAttributes = {
					7331B8A0242511F900DDE7E4 = {
						CreatedOnToolsVersion = 11.3.1;
					};
				};
			};
			buildConfigurationList = 7331B89C242511F900DDE7E4 /* Build configuration list for PBXProject "hostelworldTechTest" */;
			compatibilityVersion = "Xcode 9.3";
			developmentRegion = en;
			hasScannedForEncodings = 0;
			knownRegions = (
				en,
				Base,
			);
			mainGroup = 7331B898242511F900DDE7E4;
			productRefGroup = 7331B8A2242511F900DDE7E4 /* Products */;
			projectDirPath = "";
			projectRoot = "";
			targets = (
				7331B8A0242511F900DDE7E4 /* hostelworldTechTest */,
			);
		};
/* End PBXProject section */

/* Begin PBXResourcesBuildPhase section */
		7331B89F242511F900DDE7E4 /* Resources */ = {
			isa = PBXResourcesBuildPhase;
			buildActionMask = 2147483647;
			files = (
				7331B8B1242511FC00DDE7E4 /* LaunchScreen.storyboard in Resources */,
				7331B8AE242511FC00DDE7E4 /* Assets.xcassets in Resources */,
				7331B8AC242511F900DDE7E4 /* Main.storyboard in Resources */,
			);
			runOnlyForDeploymentPostprocessing = 0;
		};
/* End PBXResourcesBuildPhase section */

/* Begin PBXSourcesBuildPhase section */
		7331B89D242511F900DDE7E4 /* Sources */ = {
			isa = PBXSourcesBuildPhase;
			buildActionMask = 2147483647;
			files = (
				7395500C24267F410082B41E /* PropertyListRepository.swift in Sources */,
				737AF1732429085A00E8A9C9 /* PropertyDetailsData.swift in Sources */,
				7331B8C224251A1B00DDE7E4 /* PropertyListScreenViewController.swift in Sources */,
				7331B8C624251B9600DDE7E4 /* PropertyListTableViewCell.swift in Sources */,
				7319076E24251E1400C4D045 /* PropertyListItem.swift in Sources */,
				7395500E242683DE0082B41E /* PropertyListData.swift in Sources */,
				737AF17724290F5100E8A9C9 /* PropertyDetailsItem.swift in Sources */,
				737AF16F2428F9AD00E8A9C9 /* PropertyDetailsScreenViewController.swift in Sources */,
				7331B8A9242511F900DDE7E4 /* ViewController.swift in Sources */,
				7331B8A5242511F900DDE7E4 /* AppDelegate.swift in Sources */,
				7331B8A7242511F900DDE7E4 /* SceneDelegate.swift in Sources */,
				737AF17524290EC300E8A9C9 /* PropertyDetailsRepository.swift in Sources */,
			);
			runOnlyForDeploymentPostprocessing = 0;
		};
/* End PBXSourcesBuildPhase section */

/* Begin PBXVariantGroup section */
		7331B8AA242511F900DDE7E4 /* Main.storyboard */ = {
			isa = PBXVariantGroup;
			children = (
				7331B8AB242511F900DDE7E4 /* Base */,
			);
			name = Main.storyboard;
			sourceTree = "<group>";
		};
		7331B8AF242511FC00DDE7E4 /* LaunchScreen.storyboard */ = {
			isa = PBXVariantGroup;
			children = (
				7331B8B0242511FC00DDE7E4 /* Base */,
			);
			name = LaunchScreen.storyboard;
			sourceTree = "<group>";
		};
/* End PBXVariantGroup section */

/* Begin XCBuildConfiguration section */
		7331B8B3242511FC00DDE7E4 /* Debug */ = {
			isa = XCBuildConfiguration;
			buildSettings = {
				ALWAYS_SEARCH_USER_PATHS = NO;
				CLANG_ANALYZER_NONNULL = YES;
				CLANG_ANALYZER_NUMBER_OBJECT_CONVERSION = YES_AGGRESSIVE;
				CLANG_CXX_LANGUAGE_STANDARD = "gnu++14";
				CLANG_CXX_LIBRARY = "libc++";
				CLANG_ENABLE_MODULES = YES;
				CLANG_ENABLE_OBJC_ARC = YES;
				CLANG_ENABLE_OBJC_WEAK = YES;
				CLANG_WARN_BLOCK_CAPTURE_AUTORELEASING = YES;
				CLANG_WARN_BOOL_CONVERSION = YES;
				CLANG_WARN_COMMA = YES;
				CLANG_WARN_CONSTANT_CONVERSION = YES;
				CLANG_WARN_DEPRECATED_OBJC_IMPLEMENTATIONS = YES;
				CLANG_WARN_DIRECT_OBJC_ISA_USAGE = YES_ERROR;
				CLANG_WARN_DOCUMENTATION_COMMENTS = YES;
				CLANG_WARN_EMPTY_BODY = YES;
				CLANG_WARN_ENUM_CONVERSION = YES;
				CLANG_WARN_INFINITE_RECURSION = YES;
				CLANG_WARN_INT_CONVERSION = YES;
				CLANG_WARN_NON_LITERAL_NULL_CONVERSION = YES;
				CLANG_WARN_OBJC_IMPLICIT_RETAIN_SELF = YES;
				CLANG_WARN_OBJC_LITERAL_CONVERSION = YES;
				CLANG_WARN_OBJC_ROOT_CLASS = YES_ERROR;
				CLANG_WARN_RANGE_LOOP_ANALYSIS = YES;
				CLANG_WARN_STRICT_PROTOTYPES = YES;
				CLANG_WARN_SUSPICIOUS_MOVE = YES;
				CLANG_WARN_UNGUARDED_AVAILABILITY = YES_AGGRESSIVE;
				CLANG_WARN_UNREACHABLE_CODE = YES;
				CLANG_WARN__DUPLICATE_METHOD_MATCH = YES;
				COPY_PHASE_STRIP = NO;
				DEBUG_INFORMATION_FORMAT = dwarf;
				ENABLE_STRICT_OBJC_MSGSEND = YES;
				ENABLE_TESTABILITY = YES;
				GCC_C_LANGUAGE_STANDARD = gnu11;
				GCC_DYNAMIC_NO_PIC = NO;
				GCC_NO_COMMON_BLOCKS = YES;
				GCC_OPTIMIZATION_LEVEL = 0;
				GCC_PREPROCESSOR_DEFINITIONS = (
					"DEBUG=1",
					"$(inherited)",
				);
				GCC_WARN_64_TO_32_BIT_CONVERSION = YES;
				GCC_WARN_ABOUT_RETURN_TYPE = YES_ERROR;
				GCC_WARN_UNDECLARED_SELECTOR = YES;
				GCC_WARN_UNINITIALIZED_AUTOS = YES_AGGRESSIVE;
				GCC_WARN_UNUSED_FUNCTION = YES;
				GCC_WARN_UNUSED_VARIABLE = YES;
				IPHONEOS_DEPLOYMENT_TARGET = 13.2;
				MTL_ENABLE_DEBUG_INFO = INCLUDE_SOURCE;
				MTL_FAST_MATH = YES;
				ONLY_ACTIVE_ARCH = YES;
				SDKROOT = iphoneos;
				SWIFT_ACTIVE_COMPILATION_CONDITIONS = DEBUG;
				SWIFT_OPTIMIZATION_LEVEL = "-Onone";
			};
			name = Debug;
		};
		7331B8B4242511FC00DDE7E4 /* Release */ = {
			isa = XCBuildConfiguration;
			buildSettings = {
				ALWAYS_SEARCH_USER_PATHS = NO;
				CLANG_ANALYZER_NONNULL = YES;
				CLANG_ANALYZER_NUMBER_OBJECT_CONVERSION = YES_AGGRESSIVE;
				CLANG_CXX_LANGUAGE_STANDARD = "gnu++14";
				CLANG_CXX_LIBRARY = "libc++";
				CLANG_ENABLE_MODULES = YES;
				CLANG_ENABLE_OBJC_ARC = YES;
				CLANG_ENABLE_OBJC_WEAK = YES;
				CLANG_WARN_BLOCK_CAPTURE_AUTORELEASING = YES;
				CLANG_WARN_BOOL_CONVERSION = YES;
				CLANG_WARN_COMMA = YES;
				CLANG_WARN_CONSTANT_CONVERSION = YES;
				CLANG_WARN_DEPRECATED_OBJC_IMPLEMENTATIONS = YES;
				CLANG_WARN_DIRECT_OBJC_ISA_USAGE = YES_ERROR;
				CLANG_WARN_DOCUMENTATION_COMMENTS = YES;
				CLANG_WARN_EMPTY_BODY = YES;
				CLANG_WARN_ENUM_CONVERSION = YES;
				CLANG_WARN_INFINITE_RECURSION = YES;
				CLANG_WARN_INT_CONVERSION = YES;
				CLANG_WARN_NON_LITERAL_NULL_CONVERSION = YES;
				CLANG_WARN_OBJC_IMPLICIT_RETAIN_SELF = YES;
				CLANG_WARN_OBJC_LITERAL_CONVERSION = YES;
				CLANG_WARN_OBJC_ROOT_CLASS = YES_ERROR;
				CLANG_WARN_RANGE_LOOP_ANALYSIS = YES;
				CLANG_WARN_STRICT_PROTOTYPES = YES;
				CLANG_WARN_SUSPICIOUS_MOVE = YES;
				CLANG_WARN_UNGUARDED_AVAILABILITY = YES_AGGRESSIVE;
				CLANG_WARN_UNREACHABLE_CODE = YES;
				CLANG_WARN__DUPLICATE_METHOD_MATCH = YES;
				COPY_PHASE_STRIP = NO;
				DEBUG_INFORMATION_FORMAT = "dwarf-with-dsym";
				ENABLE_NS_ASSERTIONS = NO;
				ENABLE_STRICT_OBJC_MSGSEND = YES;
				GCC_C_LANGUAGE_STANDARD = gnu11;
				GCC_NO_COMMON_BLOCKS = YES;
				GCC_WARN_64_TO_32_BIT_CONVERSION = YES;
				GCC_WARN_ABOUT_RETURN_TYPE = YES_ERROR;
				GCC_WARN_UNDECLARED_SELECTOR = YES;
				GCC_WARN_UNINITIALIZED_AUTOS = YES_AGGRESSIVE;
				GCC_WARN_UNUSED_FUNCTION = YES;
				GCC_WARN_UNUSED_VARIABLE = YES;
				IPHONEOS_DEPLOYMENT_TARGET = 13.2;
				MTL_ENABLE_DEBUG_INFO = NO;
				MTL_FAST_MATH = YES;
				SDKROOT = iphoneos;
				SWIFT_COMPILATION_MODE = wholemodule;
				SWIFT_OPTIMIZATION_LEVEL = "-O";
				VALIDATE_PRODUCT = YES;
			};
			name = Release;
		};
		7331B8B6242511FC00DDE7E4 /* Debug */ = {
			isa = XCBuildConfiguration;
			buildSettings = {
				ASSETCATALOG_COMPILER_APPICON_NAME = AppIcon;
				CODE_SIGN_STYLE = Automatic;
				INFOPLIST_FILE = hostelworldTechTest/Info.plist;
				IPHONEOS_DEPLOYMENT_TARGET = 13.1;
				LD_RUNPATH_SEARCH_PATHS = (
					"$(inherited)",
					"@executable_path/Frameworks",
				);
				PRODUCT_BUNDLE_IDENTIFIER = com.aidan.hostelworldTechTest;
				PRODUCT_NAME = "$(TARGET_NAME)";
				SWIFT_VERSION = 5.0;
				TARGETED_DEVICE_FAMILY = 1;
			};
			name = Debug;
		};
		7331B8B7242511FC00DDE7E4 /* Release */ = {
			isa = XCBuildConfiguration;
			buildSettings = {
				ASSETCATALOG_COMPILER_APPICON_NAME = AppIcon;
				CODE_SIGN_STYLE = Automatic;
				INFOPLIST_FILE = hostelworldTechTest/Info.plist;
				IPHONEOS_DEPLOYMENT_TARGET = 13.1;
				LD_RUNPATH_SEARCH_PATHS = (
					"$(inherited)",
					"@executable_path/Frameworks",
				);
				PRODUCT_BUNDLE_IDENTIFIER = com.aidan.hostelworldTechTest;
				PRODUCT_NAME = "$(TARGET_NAME)";
				SWIFT_VERSION = 5.0;
				TARGETED_DEVICE_FAMILY = 1;
			};
			name = Release;
		};
/* End XCBuildConfiguration section */

/* Begin XCConfigurationList section */
		7331B89C242511F900DDE7E4 /* Build configuration list for PBXProject "hostelworldTechTest" */ = {
			isa = XCConfigurationList;
			buildConfigurations = (
				7331B8B3242511FC00DDE7E4 /* Debug */,
				7331B8B4242511FC00DDE7E4 /* Release */,
			);
			defaultConfigurationIsVisible = 0;
			defaultConfigurationName = Release;
		};
		7331B8B5242511FC00DDE7E4 /* Build configuration list for PBXNativeTarget "hostelworldTechTest" */ = {
			isa = XCConfigurationList;
			buildConfigurations = (
				7331B8B6242511FC00DDE7E4 /* Debug */,
				7331B8B7242511FC00DDE7E4 /* Release */,
			);
			defaultConfigurationIsVisible = 0;
			defaultConfigurationName = Release;
		};
/* End XCConfigurationList section */
	};
	rootObject = 7331B899242511F900DDE7E4 /* Project object */;
}
